{
  "name": "automation",
  "lockfileVersion": 3,
  "requires": true,
  "packages": {
    "": {
      "dependencies": {
        "compromise": "^14.10.1"
      }
    },
    "node_modules/compromise": {
      "version": "14.10.1",
      "resolved": "https://registry.npmjs.org/compromise/-/compromise-14.10.1.tgz",
      "integrity": "sha512-GX91lZfJsma34HHifGlmnoWdu45PreuRFjrccCSAZq+r7Jb0wdKxKZWhyi8OSPvZ0+xk7LclDakUnd/Np57ZRQ==",
      "dependencies": {
        "efrt": "2.7.0",
        "grad-school": "0.0.5",
        "suffix-thumb": "5.0.2"
      },
      "engines": {
        "node": ">=12.0.0"
      }
    },
    "node_modules/efrt": {
      "version": "2.7.0",
      "resolved": "https://registry.npmjs.org/efrt/-/efrt-2.7.0.tgz",
      "integrity": "sha512-/RInbCy1d4P6Zdfa+TMVsf/ufZVotat5hCw3QXmWtjU+3pFEOvOQ7ibo3aIxyCJw2leIeAMjmPj+1SLJiCpdrQ==",
      "engines": {
        "node": ">=12.0.0"
      }
    },
    "node_modules/grad-school": {
      "version": "0.0.5",
      "resolved": "https://registry.npmjs.org/grad-school/-/grad-school-0.0.5.tgz",
      "integrity": "sha512-rXunEHF9M9EkMydTBux7+IryYXEZinRk6g8OBOGDBzo/qWJjhTxy86i5q7lQYpCLHN8Sqv1XX3OIOc7ka2gtvQ==",
      "engines": {
        "node": ">=8.0.0"
      }
    },
    "node_modules/suffix-thumb": {
      "version": "5.0.2",
      "resolved": "https://registry.npmjs.org/suffix-thumb/-/suffix-thumb-5.0.2.tgz",
      "integrity": "sha512-I5PWXAFKx3FYnI9a+dQMWNqTxoRt6vdBdb0O+BJ1sxXCWtSoQCusc13E58f+9p4MYx/qCnEMkD5jac6K2j3dgA=="
    }
  }
}
